
Microsoft Visual Studio Solution File, Format Version 12.00
# Visual Studio 15
VisualStudioVersion = 15.0.28307.645
MinimumVisualStudioVersion = 10.0.40219.1
Project("{9A19103F-16F7-4668-BE54-9A1E7A4F7556}") = "Dbt.Geomed", "Dbt.Geomed\Dbt.Geomed.csproj", "{ECA03B92-4890-4BE3-A5C1-5968F7E5A06C}"
EndProject
Global
	GlobalSection(SolutionConfigurationPlatforms) = preSolution
		Debug|Any CPU = Debug|Any CPU
		Release|Any CPU = Release|Any CPU
	EndGlobalSection
	GlobalSection(ProjectConfigurationPlatforms) = postSolution
		{ECA03B92-4890-4BE3-A5C1-5968F7E5A06C}.Debug|Any CPU.ActiveCfg = Debug|Any CPU
		{ECA03B92-4890-4BE3-A5C1-5968F7E5A06C}.Debug|Any CPU.Build.0 = Debug|Any CPU
		{ECA03B92-4890-4BE3-A5C1-5968F7E5A06C}.Release|Any CPU.ActiveCfg = Release|Any CPU
		{ECA03B92-4890-4BE3-A5C1-5968F7E5A06C}.Release|Any CPU.Build.0 = Release|Any CPU
	EndGlobalSection
	GlobalSection(SolutionProperties) = preSolution
		HideSolutionNode = FALSE
	EndGlobalSection
	GlobalSection(ExtensibilityGlobals) = postSolution
		SolutionGuid = {1F610C3A-ED2D-4B7C-95A7-A6601C4B4D3B}
	EndGlobalSection
EndGlobal
